// !$*UTF8*$!
{
	archiveVersion = 1;
	classes = {
	};
	objectVersion = 46;
	objects = {

/* Begin PBXBuildFile section */
		51A6E019E7E2AAA38D683079 /* IOKit.framework in Frameworks */ = {isa = PBXBuildFile; fileRef = 51A6EB1A724C48D1A9C57AFE /* IOKit.framework */; };
		51A6E22C3B05ED6DD1BED2CD /* TXMouse.cpp in Sources */ = {isa = PBXBuildFile; fileRef = 51A6E36009E09B16AE15F72F /* TXMouse.cpp */; };
		51A6E293277F755B63BA393F /* CoreGraphics.framework in Frameworks */ = {isa = PBXBuildFile; fileRef = 51A6E874FE918002DB109FB7 /* CoreGraphics.framework */; };
		51A6E2ADCD645BDCACD228DF /* TXPresenter.cpp in Sources */ = {isa = PBXBuildFile; fileRef = 51A6ED91F42FDDC4FFBF099D /* TXPresenter.cpp */; };
		51A6E3F703A9EAF475024C39 /* main.cpp in Sources */ = {isa = PBXBuildFile; fileRef = 51A6E98431B748C5D43ACE6C /* main.cpp */; };
		51A6E42C3A620365DE7875DA /* ApplicationServices.framework in Frameworks */ = {isa = PBXBuildFile; fileRef = 51A6E898A2448C173BEF79A2 /* ApplicationServices.framework */; };
		51A6E640448CC70E2848D811 /* CFNetwork.framework in Frameworks */ = {isa = PBXBuildFile; fileRef = 51A6E12870B479FC1C943686 /* CFNetwork.framework */; };
		51A6E664E60802B5780D366B /* TXInputListener.cpp in Sources */ = {isa = PBXBuildFile; fileRef = 51A6E069A831F3E4D7018483 /* TXInputListener.cpp */; };
		51A6E6723B705D6E50C5417F /* TXArgumentation.cpp in Sources */ = {isa = PBXBuildFile; fileRef = 51A6E6CCCA5081AFF8FF6F11 /* TXArgumentation.cpp */; };
		51A6E80D86B2B1C8392222ED /* TXClipboard.cpp in Sources */ = {isa = PBXBuildFile; fileRef = 51A6E69FBD6C7D88F9FE0905 /* TXClipboard.cpp */; };
		51A6E8365AE91A689644B804 /* TXKeyboard.cpp in Sources */ = {isa = PBXBuildFile; fileRef = 51A6E48662CA1E95F13AC281 /* TXKeyboard.cpp */; };
		51A6E84387C307A72467D8B1 /* KNOW_ISSUES.md in Sources */ = {isa = PBXBuildFile; fileRef = 51A6E397E619562B7FA081D1 /* KNOW_ISSUES.md */; };
		51A6EA69CF3AF852AC643205 /* base64.cpp in Sources */ = {isa = PBXBuildFile; fileRef = 51A6E9987E2D015120D6F57D /* base64.cpp */; };
		51A6EB986669BF39089A3843 /* TODO.md in Sources */ = {isa = PBXBuildFile; fileRef = 51A6E97AB9D0573B91453091 /* TODO.md */; };
		51A6EE54A8769CF37CB77BFC /* TXLogger.cpp in Sources */ = {isa = PBXBuildFile; fileRef = 51A6ED3321FAE17616675F79 /* TXLogger.cpp */; };
		51A6EEFB4D12B98B01B7F4DE /* TXSocket.cpp in Sources */ = {isa = PBXBuildFile; fileRef = 51A6EFCA811D76A9B1A69DC5 /* TXSocket.cpp */; };
/* End PBXBuildFile section */

/* Begin PBXCopyFilesBuildPhase section */
		51A6EFA5B33F15A2AD2AC146 /* Copy Files */ = {
			isa = PBXCopyFilesBuildPhase;
			buildActionMask = 2147483647;
			dstPath = /usr/share/man/man1;
			dstSubfolderSpec = 0;
			files = (
			);
			name = "Copy Files";
			runOnlyForDeploymentPostprocessing = 1;
		};
/* End PBXCopyFilesBuildPhase section */

/* Begin PBXFileReference section */
		51A6E03CE0987B9FFEBA5D39 /* ksv */ = {isa = PBXFileReference; explicitFileType = "compiled.mach-o.executable"; includeInIndex = 0; path = ksv; sourceTree = BUILT_PRODUCTS_DIR; };
		51A6E069A831F3E4D7018483 /* TXInputListener.cpp */ = {isa = PBXFileReference; fileEncoding = 4; lastKnownFileType = sourcecode.cpp.cpp; name = TXInputListener.cpp; path = runners/TXInputListener.cpp; sourceTree = "<group>"; };
		51A6E12870B479FC1C943686 /* CFNetwork.framework */ = {isa = PBXFileReference; lastKnownFileType = wrapper.framework; name = CFNetwork.framework; path = System/Library/Frameworks/CFNetwork.framework; sourceTree = SDKROOT; };
		51A6E243F6403814C27A8086 /* TXInputListener.h */ = {isa = PBXFileReference; fileEncoding = 4; lastKnownFileType = sourcecode.c.h; name = TXInputListener.h; path = runners/TXInputListener.h; sourceTree = "<group>"; };
		51A6E2C3C6C5C1E46C182BBF /* TXClipboard.h */ = {isa = PBXFileReference; fileEncoding = 4; lastKnownFileType = sourcecode.c.h; name = TXClipboard.h; path = runners/TXClipboard.h; sourceTree = "<group>"; };
		51A6E36009E09B16AE15F72F /* TXMouse.cpp */ = {isa = PBXFileReference; fileEncoding = 4; lastKnownFileType = sourcecode.cpp.cpp; name = TXMouse.cpp; path = components/TXMouse.cpp; sourceTree = "<group>"; };
		51A6E397E619562B7FA081D1 /* KNOW_ISSUES.md */ = {isa = PBXFileReference; fileEncoding = 4; lastKnownFileType = net.daringfireball.markdown; path = KNOW_ISSUES.md; sourceTree = "<group>"; };
		51A6E4502E6581DBC2738CFE /* TXKeyboard.h */ = {isa = PBXFileReference; fileEncoding = 4; lastKnownFileType = sourcecode.c.h; name = TXKeyboard.h; path = components/TXKeyboard.h; sourceTree = "<group>"; };
		51A6E478DBED1227C39E8649 /* TXSocket.h */ = {isa = PBXFileReference; fileEncoding = 4; lastKnownFileType = sourcecode.c.h; name = TXSocket.h; path = runners/TXSocket.h; sourceTree = "<group>"; };
		51A6E48662CA1E95F13AC281 /* TXKeyboard.cpp */ = {isa = PBXFileReference; fileEncoding = 4; lastKnownFileType = sourcecode.cpp.cpp; name = TXKeyboard.cpp; path = components/TXKeyboard.cpp; sourceTree = "<group>"; };
		51A6E51BE87011B6C20ACC0C /* TXPresenter.h */ = {isa = PBXFileReference; fileEncoding = 4; lastKnownFileType = sourcecode.c.h; name = TXPresenter.h; path = presenter/TXPresenter.h; sourceTree = "<group>"; };
		51A6E69FBD6C7D88F9FE0905 /* TXClipboard.cpp */ = {isa = PBXFileReference; fileEncoding = 4; lastKnownFileType = sourcecode.cpp.cpp; name = TXClipboard.cpp; path = runners/TXClipboard.cpp; sourceTree = "<group>"; };
		51A6E6CCCA5081AFF8FF6F11 /* TXArgumentation.cpp */ = {isa = PBXFileReference; fileEncoding = 4; lastKnownFileType = sourcecode.cpp.cpp; name = TXArgumentation.cpp; path = helpers/TXArgumentation.cpp; sourceTree = "<group>"; };
		51A6E6D42F07A3DB9BF286D7 /* TXConfig.h */ = {isa = PBXFileReference; fileEncoding = 4; lastKnownFileType = sourcecode.c.h; path = TXConfig.h; sourceTree = "<group>"; };
		51A6E874FE918002DB109FB7 /* CoreGraphics.framework */ = {isa = PBXFileReference; lastKnownFileType = wrapper.framework; name = CoreGraphics.framework; path = System/Library/Frameworks/CoreGraphics.framework; sourceTree = SDKROOT; };
		51A6E883659E1B38665B0C38 /* TXArgumentation.h */ = {isa = PBXFileReference; fileEncoding = 4; lastKnownFileType = sourcecode.c.h; name = TXArgumentation.h; path = helpers/TXArgumentation.h; sourceTree = "<group>"; };
		51A6E898A2448C173BEF79A2 /* ApplicationServices.framework */ = {isa = PBXFileReference; lastKnownFileType = wrapper.framework; name = ApplicationServices.framework; path = System/Library/Frameworks/ApplicationServices.framework; sourceTree = SDKROOT; };
		51A6E97AB9D0573B91453091 /* TODO.md */ = {isa = PBXFileReference; fileEncoding = 4; lastKnownFileType = net.daringfireball.markdown; path = TODO.md; sourceTree = "<group>"; };
		51A6E98431B748C5D43ACE6C /* main.cpp */ = {isa = PBXFileReference; lastKnownFileType = sourcecode.cpp.cpp; path = main.cpp; sourceTree = "<group>"; };
		51A6E9987E2D015120D6F57D /* base64.cpp */ = {isa = PBXFileReference; fileEncoding = 4; lastKnownFileType = sourcecode.cpp.cpp; name = base64.cpp; path = thirdparty/base64.cpp; sourceTree = "<group>"; };
		51A6EA093CC98DDEBC684266 /* TXLogger.h */ = {isa = PBXFileReference; fileEncoding = 4; lastKnownFileType = sourcecode.c.h; name = TXLogger.h; path = helpers/TXLogger.h; sourceTree = "<group>"; };
		51A6EAAD387A9F781DBB1C6D /* AppKit.framework */ = {isa = PBXFileReference; lastKnownFileType = wrapper.framework; name = AppKit.framework; path = System/Library/Frameworks/AppKit.framework; sourceTree = SDKROOT; };
		51A6EB1A724C48D1A9C57AFE /* IOKit.framework */ = {isa = PBXFileReference; lastKnownFileType = wrapper.framework; name = IOKit.framework; path = System/Library/Frameworks/IOKit.framework; sourceTree = SDKROOT; };
		51A6EB30A9E7B44B30D2ACA5 /* Cocoa.framework */ = {isa = PBXFileReference; lastKnownFileType = wrapper.framework; name = Cocoa.framework; path = System/Library/Frameworks/Cocoa.framework; sourceTree = SDKROOT; };
		51A6EB629088C5F6DBB20E30 /* base64.h */ = {isa = PBXFileReference; fileEncoding = 4; lastKnownFileType = sourcecode.c.h; name = base64.h; path = thirdparty/base64.h; sourceTree = "<group>"; };
		51A6ED3321FAE17616675F79 /* TXLogger.cpp */ = {isa = PBXFileReference; fileEncoding = 4; lastKnownFileType = sourcecode.cpp.cpp; name = TXLogger.cpp; path = helpers/TXLogger.cpp; sourceTree = "<group>"; };
		51A6ED91F42FDDC4FFBF099D /* TXPresenter.cpp */ = {isa = PBXFileReference; fileEncoding = 4; lastKnownFileType = sourcecode.cpp.cpp; name = TXPresenter.cpp; path = presenter/TXPresenter.cpp; sourceTree = "<group>"; };
		51A6EEADD8BFA2B5BA9F3FAF /* TXMouse.h */ = {isa = PBXFileReference; fileEncoding = 4; lastKnownFileType = sourcecode.c.h; name = TXMouse.h; path = components/TXMouse.h; sourceTree = "<group>"; };
		51A6EFCA811D76A9B1A69DC5 /* TXSocket.cpp */ = {isa = PBXFileReference; fileEncoding = 4; lastKnownFileType = sourcecode.cpp.cpp; name = TXSocket.cpp; path = runners/TXSocket.cpp; sourceTree = "<group>"; };
/* End PBXFileReference section */

/* Begin PBXFrameworksBuildPhase section */
		51A6E8E5A900AA66C21B7054 /* Frameworks */ = {
			isa = PBXFrameworksBuildPhase;
			buildActionMask = 2147483647;
			files = (
				51A6E293277F755B63BA393F /* CoreGraphics.framework in Frameworks */,
				51A6E640448CC70E2848D811 /* CFNetwork.framework in Frameworks */,
				51A6E42C3A620365DE7875DA /* ApplicationServices.framework in Frameworks */,
				51A6E019E7E2AAA38D683079 /* IOKit.framework in Frameworks */,
			);
			runOnlyForDeploymentPostprocessing = 0;
		};
/* End PBXFrameworksBuildPhase section */

/* Begin PBXGroup section */
		51A6E2F4C77ECCB7039E2A50 /* Frameworks */ = {
			isa = PBXGroup;
			children = (
				51A6E874FE918002DB109FB7 /* CoreGraphics.framework */,
				51A6E12870B479FC1C943686 /* CFNetwork.framework */,
				51A6E898A2448C173BEF79A2 /* ApplicationServices.framework */,
				51A6EB30A9E7B44B30D2ACA5 /* Cocoa.framework */,
				51A6EAAD387A9F781DBB1C6D /* AppKit.framework */,
				51A6EB1A724C48D1A9C57AFE /* IOKit.framework */,
			);
			name = Frameworks;
			sourceTree = "<group>";
		};
		51A6EB0CB9530841EE2D04A9 /* Products */ = {
			isa = PBXGroup;
			children = (
				51A6E03CE0987B9FFEBA5D39 /* ksv */,
			);
			name = Products;
			sourceTree = "<group>";
		};
		51A6ECC258B00A5640286CD5 /* Trixmote */ = {
			isa = PBXGroup;
			children = (
				51A6E98431B748C5D43ACE6C /* main.cpp */,
				51A6E6D42F07A3DB9BF286D7 /* TXConfig.h */,
				51A6E9987E2D015120D6F57D /* base64.cpp */,
				51A6EB629088C5F6DBB20E30 /* base64.h */,
				51A6E243F6403814C27A8086 /* TXInputListener.h */,
				51A6E069A831F3E4D7018483 /* TXInputListener.cpp */,
				51A6E2C3C6C5C1E46C182BBF /* TXClipboard.h */,
				51A6E69FBD6C7D88F9FE0905 /* TXClipboard.cpp */,
				51A6EFCA811D76A9B1A69DC5 /* TXSocket.cpp */,
				51A6E478DBED1227C39E8649 /* TXSocket.h */,
				51A6E4502E6581DBC2738CFE /* TXKeyboard.h */,
				51A6E48662CA1E95F13AC281 /* TXKeyboard.cpp */,
				51A6E36009E09B16AE15F72F /* TXMouse.cpp */,
				51A6EEADD8BFA2B5BA9F3FAF /* TXMouse.h */,
				51A6E883659E1B38665B0C38 /* TXArgumentation.h */,
				51A6E6CCCA5081AFF8FF6F11 /* TXArgumentation.cpp */,
				51A6ED3321FAE17616675F79 /* TXLogger.cpp */,
				51A6EA093CC98DDEBC684266 /* TXLogger.h */,
				51A6ED91F42FDDC4FFBF099D /* TXPresenter.cpp */,
				51A6E51BE87011B6C20ACC0C /* TXPresenter.h */,
			);
			path = Trixmote;
			sourceTree = "<group>";
		};
		51A6ED68DBD76C29B98FD833 = {
			isa = PBXGroup;
			children = (
				51A6EB0CB9530841EE2D04A9 /* Products */,
				51A6ECC258B00A5640286CD5 /* Trixmote */,
				51A6E2F4C77ECCB7039E2A50 /* Frameworks */,
				51A6E97AB9D0573B91453091 /* TODO.md */,
				51A6E397E619562B7FA081D1 /* KNOW_ISSUES.md */,
			);
			sourceTree = "<group>";
		};
/* End PBXGroup section */

/* Begin PBXNativeTarget section */
		51A6E516EB83A94629009193 /* KSV */ = {
			isa = PBXNativeTarget;
			buildConfigurationList = 51A6E81FFAA4AC9EA6947274 /* Build configuration list for PBXNativeTarget "KSV" */;
			buildPhases = (
				51A6E76263AE6E2A11F980B8 /* Sources */,
				51A6E8E5A900AA66C21B7054 /* Frameworks */,
				51A6EFA5B33F15A2AD2AC146 /* Copy Files */,
			);
			buildRules = (
			);
			dependencies = (
			);
			name = KSV;
			productName = KSV;
			productReference = 51A6E03CE0987B9FFEBA5D39 /* ksv */;
			productType = "com.apple.product-type.tool";
		};
/* End PBXNativeTarget section */

/* Begin PBXProject section */
		51A6E2E6A8A3D1FD623284E8 /* Project object */ = {
			isa = PBXProject;
			attributes = {
				CLASSPREFIX = KSV;
				ORGANIZATIONNAME = "___TRIX___";
			};
			buildConfigurationList = 51A6EE7EF1559FF9DC07AAA7 /* Build configuration list for PBXProject "KSV" */;
			compatibilityVersion = "Xcode 3.2";
			developmentRegion = English;
			hasScannedForEncodings = 0;
			knownRegions = (
				en,
			);
			mainGroup = 51A6ED68DBD76C29B98FD833;
			productRefGroup = 51A6EB0CB9530841EE2D04A9 /* Products */;
			projectDirPath = "";
			projectRoot = "";
			targets = (
				51A6E516EB83A94629009193 /* KSV */,
			);
		};
/* End PBXProject section */

/* Begin PBXSourcesBuildPhase section */
		51A6E76263AE6E2A11F980B8 /* Sources */ = {
			isa = PBXSourcesBuildPhase;
			buildActionMask = 2147483647;
			files = (
				51A6E3F703A9EAF475024C39 /* main.cpp in Sources */,
				51A6EA69CF3AF852AC643205 /* base64.cpp in Sources */,
				51A6EB986669BF39089A3843 /* TODO.md in Sources */,
				51A6E84387C307A72467D8B1 /* KNOW_ISSUES.md in Sources */,
				51A6E664E60802B5780D366B /* TXInputListener.cpp in Sources */,
				51A6E80D86B2B1C8392222ED /* TXClipboard.cpp in Sources */,
				51A6EEFB4D12B98B01B7F4DE /* TXSocket.cpp in Sources */,
				51A6E8365AE91A689644B804 /* TXKeyboard.cpp in Sources */,
				51A6E22C3B05ED6DD1BED2CD /* TXMouse.cpp in Sources */,
				51A6E6723B705D6E50C5417F /* TXArgumentation.cpp in Sources */,
				51A6EE54A8769CF37CB77BFC /* TXLogger.cpp in Sources */,
				51A6E2ADCD645BDCACD228DF /* TXPresenter.cpp in Sources */,
			);
			runOnlyForDeploymentPostprocessing = 0;
		};
/* End PBXSourcesBuildPhase section */

/* Begin XCBuildConfiguration section */
		51A6E04300487989275B2068 /* Release */ = {
			isa = XCBuildConfiguration;
			buildSettings = {
				ALWAYS_SEARCH_USER_PATHS = NO;
				CLANG_ANALYZER_NONNULL = YES;
				CLANG_CXX_LANGUAGE_STANDARD = "gnu++0x";
				CLANG_CXX_LIBRARY = "libc++";
				CLANG_ENABLE_MODULES = YES;
				CLANG_ENABLE_OBJC_ARC = YES;
				CLANG_WARN_BOOL_CONVERSION = YES;
				CLANG_WARN_CONSTANT_CONVERSION = YES;
				CLANG_WARN_DIRECT_OBJC_ISA_USAGE = YES_ERROR;
				CLANG_WARN_EMPTY_BODY = YES;
				CLANG_WARN_ENUM_CONVERSION = YES;
				CLANG_WARN_INT_CONVERSION = YES;
				CLANG_WARN_OBJC_ROOT_CLASS = YES_ERROR;
				CLANG_WARN_UNREACHABLE_CODE = YES;
				CLANG_WARN__DUPLICATE_METHOD_MATCH = YES;
				CODE_SIGN_IDENTITY = "";
				COPY_PHASE_STRIP = NO;
				DEBUG_INFORMATION_FORMAT = "dwarf-with-dsym";
				ENABLE_NS_ASSERTIONS = NO;
				ENABLE_STRICT_OBJC_MSGSEND = YES;
				GCC_C_LANGUAGE_STANDARD = gnu99;
				GCC_NO_COMMON_BLOCKS = YES;
				GCC_WARN_64_TO_32_BIT_CONVERSION = YES;
				GCC_WARN_ABOUT_RETURN_TYPE = YES_ERROR;
				GCC_WARN_UNDECLARED_SELECTOR = YES;
				GCC_WARN_UNINITIALIZED_AUTOS = YES_AGGRESSIVE;
				GCC_WARN_UNUSED_FUNCTION = YES;
				GCC_WARN_UNUSED_VARIABLE = YES;
				MACOSX_DEPLOYMENT_TARGET = 10.11;
				MTL_ENABLE_DEBUG_INFO = NO;
				SDKROOT = macosx;
			};
			name = Release;
		};
		51A6E115136BCF51922977DA /* Debug */ = {
			isa = XCBuildConfiguration;
			buildSettings = {
				ALWAYS_SEARCH_USER_PATHS = NO;
				CLANG_ANALYZER_NONNULL = YES;
				CLANG_CXX_LANGUAGE_STANDARD = "gnu++0x";
				CLANG_CXX_LIBRARY = "libc++";
				CLANG_ENABLE_MODULES = YES;
				CLANG_ENABLE_OBJC_ARC = YES;
				CLANG_WARN_BOOL_CONVERSION = YES;
				CLANG_WARN_CONSTANT_CONVERSION = YES;
				CLANG_WARN_DIRECT_OBJC_ISA_USAGE = YES_ERROR;
				CLANG_WARN_EMPTY_BODY = YES;
				CLANG_WARN_ENUM_CONVERSION = YES;
				CLANG_WARN_INT_CONVERSION = YES;
				CLANG_WARN_OBJC_ROOT_CLASS = YES_ERROR;
				CLANG_WARN_UNREACHABLE_CODE = YES;
				CLANG_WARN__DUPLICATE_METHOD_MATCH = YES;
				CODE_SIGN_IDENTITY = "";
				COPY_PHASE_STRIP = NO;
				DEBUG_INFORMATION_FORMAT = dwarf;
				ENABLE_STRICT_OBJC_MSGSEND = YES;
				ENABLE_TESTABILITY = YES;
				GCC_C_LANGUAGE_STANDARD = gnu99;
				GCC_DYNAMIC_NO_PIC = NO;
				GCC_NO_COMMON_BLOCKS = YES;
				GCC_OPTIMIZATION_LEVEL = 0;
				GCC_PREPROCESSOR_DEFINITIONS = (
					"DEBUG=1",
					"$(inherited)",
				);
				GCC_WARN_64_TO_32_BIT_CONVERSION = YES;
				GCC_WARN_ABOUT_RETURN_TYPE = YES_ERROR;
				GCC_WARN_UNDECLARED_SELECTOR = YES;
				GCC_WARN_UNINITIALIZED_AUTOS = YES_AGGRESSIVE;
				GCC_WARN_UNUSED_FUNCTION = YES;
				GCC_WARN_UNUSED_VARIABLE = YES;
				MACOSX_DEPLOYMENT_TARGET = 10.11;
				MTL_ENABLE_DEBUG_INFO = YES;
				ONLY_ACTIVE_ARCH = YES;
				SDKROOT = macosx;
			};
			name = Debug;
		};
		51A6EDF046D441D9B944CC4F /* Release */ = {
			isa = XCBuildConfiguration;
			buildSettings = {
				PRODUCT_NAME = ksv;
			};
			name = Release;
		};
		51A6EF1733D43DCBF0E79F5C /* Debug */ = {
			isa = XCBuildConfiguration;
			buildSettings = {
				PRODUCT_NAME = ksv;
			};
			name = Debug;
		};
/* End XCBuildConfiguration section */

/* Begin XCConfigurationList section */
		51A6E81FFAA4AC9EA6947274 /* Build configuration list for PBXNativeTarget "KSV" */ = {
			isa = XCConfigurationList;
			buildConfigurations = (
				51A6EF1733D43DCBF0E79F5C /* Debug */,
				51A6EDF046D441D9B944CC4F /* Release */,
			);
			defaultConfigurationIsVisible = 0;
			defaultConfigurationName = Release;
		};
		51A6EE7EF1559FF9DC07AAA7 /* Build configuration list for PBXProject "KSV" */ = {
			isa = XCConfigurationList;
			buildConfigurations = (
				51A6E115136BCF51922977DA /* Debug */,
				51A6E04300487989275B2068 /* Release */,
			);
			defaultConfigurationIsVisible = 0;
			defaultConfigurationName = Release;
		};
/* End XCConfigurationList section */
	};
	rootObject = 51A6E2E6A8A3D1FD623284E8 /* Project object */;
}
